
Microsoft Visual Studio Solution File, Format Version 12.00
# Visual Studio Version 17
VisualStudioVersion = 17.4.33213.308
MinimumVisualStudioVersion = 10.0.40219.1
Project("{FAE04EC0-301F-11D3-BF4B-00C04F79EFBC}") = "Test_Form", "Test_Form\Test_Form.csproj", "{A620BE61-150C-4992-8664-12E6CD22115B}"
EndProject
Global
	GlobalSection(SolutionConfigurationPlatforms) = preSolution
		Debug|Any CPU = Debug|Any CPU
		Release|Any CPU = Release|Any CPU
	EndGlobalSection
	GlobalSection(ProjectConfigurationPlatforms) = postSolution
		{A620BE61-150C-4992-8664-12E6CD22115B}.Debug|Any CPU.ActiveCfg = Debug|Any CPU
		{A620BE61-150C-4992-8664-12E6CD22115B}.Debug|Any CPU.Build.0 = Debug|Any CPU
		{A620BE61-150C-4992-8664-12E6CD22115B}.Release|Any CPU.ActiveCfg = Release|Any CPU
		{A620BE61-150C-4992-8664-12E6CD22115B}.Release|Any CPU.Build.0 = Release|Any CPU
	EndGlobalSection
	GlobalSection(SolutionProperties) = preSolution
		HideSolutionNode = FALSE
	EndGlobalSection
	GlobalSection(ExtensibilityGlobals) = postSolution
		SolutionGuid = {B57EFFD9-3F30-495B-A315-0C2F05A568C7}
	EndGlobalSection
EndGlobal
